{
  "name": "udemycourseunittesting1",
  "version": "1.0.0",
  "lockfileVersion": 2,
  "requires": true,
  "packages": {
    "": {
      "name": "udemycourseunittesting1",
      "version": "1.0.0",
      "license": "ISC",
      "dependencies": {
        "chai": "^4.3.7"
      },
      "devDependencies": {
        "cross-env": "^7.0.3"
      }
    },
    "node_modules/assertion-error": {
      "version": "1.1.0",
      "resolved": "https://registry.npmjs.org/assertion-error/-/assertion-error-1.1.0.tgz",
      "integrity": "sha512-jgsaNduz+ndvGyFt3uSuWqvy4lCnIJiovtouQN5JZHOKCS2QuhEdbcQHFhVksz2N2U9hXJo8odG7ETyWlEeuDw==",
      "engines": {
        "node": "*"
      }
    },
    "node_modules/chai": {
      "version": "4.3.7",
      "resolved": "https://registry.npmjs.org/chai/-/chai-4.3.7.tgz",
      "integrity": "sha512-HLnAzZ2iupm25PlN0xFreAlBA5zaBSv3og0DdeGA4Ar6h6rJ3A0rolRUKJhSF2V10GZKDgWF/VmAEsNWjCRB+A==",
      "dependencies": {
        "assertion-error": "^1.1.0",
        "check-error": "^1.0.2",
        "deep-eql": "^4.1.2",
        "get-func-name": "^2.0.0",
        "loupe": "^2.3.1",
        "pathval": "^1.1.1",
        "type-detect": "^4.0.5"
      },
      "engines": {
        "node": ">=4"
      }
    },
    "node_modules/check-error": {
      "version": "1.0.2",
      "resolved": "https://registry.npmjs.org/check-error/-/check-error-1.0.2.tgz",
      "integrity": "sha512-BrgHpW9NURQgzoNyjfq0Wu6VFO6D7IZEmJNdtgNqpzGG8RuNFHt2jQxWlAs4HMe119chBnv+34syEZtc6IhLtA==",
      "engines": {
        "node": "*"
      }
    },
    "node_modules/cross-env": {
      "version": "7.0.3",
      "resolved": "https://registry.npmjs.org/cross-env/-/cross-env-7.0.3.tgz",
      "integrity": "sha512-+/HKd6EgcQCJGh2PSjZuUitQBQynKor4wrFbRg4DtAgS1aWO+gU52xpH7M9ScGgXSYmAVS9bIJ8EzuaGw0oNAw==",
      "dev": true,
      "dependencies": {
        "cross-spawn": "^7.0.1"
      },
      "bin": {
        "cross-env": "src/bin/cross-env.js",
        "cross-env-shell": "src/bin/cross-env-shell.js"
      },
      "engines": {
        "node": ">=10.14",
        "npm": ">=6",
        "yarn": ">=1"
      }
    },
    "node_modules/cross-spawn": {
      "version": "7.0.3",
      "resolved": "https://registry.npmjs.org/cross-spawn/-/cross-spawn-7.0.3.tgz",
      "integrity": "sha512-iRDPJKUPVEND7dHPO8rkbOnPpyDygcDFtWjpeWNCgy8WP2rXcxXL8TskReQl6OrB2G7+UJrags1q15Fudc7G6w==",
      "dev": true,
      "dependencies": {
        "path-key": "^3.1.0",
        "shebang-command": "^2.0.0",
        "which": "^2.0.1"
      },
      "engines": {
        "node": ">= 8"
      }
    },
    "node_modules/deep-eql": {
      "version": "4.1.3",
      "resolved": "https://registry.npmjs.org/deep-eql/-/deep-eql-4.1.3.tgz",
      "integrity": "sha512-WaEtAOpRA1MQ0eohqZjpGD8zdI0Ovsm8mmFhaDN8dvDZzyoUMcYDnf5Y6iu7HTXxf8JDS23qWa4a+hKCDyOPzw==",
      "dependencies": {
        "type-detect": "^4.0.0"
      },
      "engines": {
        "node": ">=6"
      }
    },
    "node_modules/get-func-name": {
      "version": "2.0.0",
      "resolved": "https://registry.npmjs.org/get-func-name/-/get-func-name-2.0.0.tgz",
      "integrity": "sha512-Hm0ixYtaSZ/V7C8FJrtZIuBBI+iSgL+1Aq82zSu8VQNB4S3Gk8e7Qs3VwBDJAhmRZcFqkl3tQu36g/Foh5I5ig==",
      "engines": {
        "node": "*"
      }
    },
    "node_modules/isexe": {
      "version": "2.0.0",
      "resolved": "https://registry.npmjs.org/isexe/-/isexe-2.0.0.tgz",
      "integrity": "sha512-RHxMLp9lnKHGHRng9QFhRCMbYAcVpn69smSGcq3f36xjgVVWThj4qqLbTLlq7Ssj8B+fIQ1EuCEGI2lKsyQeIw==",
      "dev": true
    },
    "node_modules/loupe": {
      "version": "2.3.6",
      "resolved": "https://registry.npmjs.org/loupe/-/loupe-2.3.6.tgz",
      "integrity": "sha512-RaPMZKiMy8/JruncMU5Bt6na1eftNoo++R4Y+N2FrxkDVTrGvcyzFTsaGif4QTeKESheMGegbhw6iUAq+5A8zA==",
      "dependencies": {
        "get-func-name": "^2.0.0"
      }
    },
    "node_modules/path-key": {
      "version": "3.1.1",
      "resolved": "https://registry.npmjs.org/path-key/-/path-key-3.1.1.tgz",
      "integrity": "sha512-ojmeN0qd+y0jszEtoY48r0Peq5dwMEkIlCOu6Q5f41lfkswXuKtYrhgoTpLnyIcHm24Uhqx+5Tqm2InSwLhE6Q==",
      "dev": true,
      "engines": {
        "node": ">=8"
      }
    },
    "node_modules/pathval": {
      "version": "1.1.1",
      "resolved": "https://registry.npmjs.org/pathval/-/pathval-1.1.1.tgz",
      "integrity": "sha512-Dp6zGqpTdETdR63lehJYPeIOqpiNBNtc7BpWSLrOje7UaIsE5aY92r/AunQA7rsXvet3lrJ3JnZX29UPTKXyKQ==",
      "engines": {
        "node": "*"
      }
    },
    "node_modules/shebang-command": {
      "version": "2.0.0",
      "resolved": "https://registry.npmjs.org/shebang-command/-/shebang-command-2.0.0.tgz",
      "integrity": "sha512-kHxr2zZpYtdmrN1qDjrrX/Z1rR1kG8Dx+gkpK1G4eXmvXswmcE1hTWBWYUzlraYw1/yZp6YuDY77YtvbN0dmDA==",
      "dev": true,
      "dependencies": {
        "shebang-regex": "^3.0.0"
      },
      "engines": {
        "node": ">=8"
      }
    },
    "node_modules/shebang-regex": {
      "version": "3.0.0",
      "resolved": "https://registry.npmjs.org/shebang-regex/-/shebang-regex-3.0.0.tgz",
      "integrity": "sha512-7++dFhtcx3353uBaq8DDR4NuxBetBzC7ZQOhmTQInHEd6bSrXdiEyzCvG07Z44UYdLShWUyXt5M/yhz8ekcb1A==",
      "dev": true,
      "engines": {
        "node": ">=8"
      }
    },
    "node_modules/type-detect": {
      "version": "4.0.8",
      "resolved": "https://registry.npmjs.org/type-detect/-/type-detect-4.0.8.tgz",
      "integrity": "sha512-0fr/mIH1dlO+x7TlcMy+bIDqKPsw/70tVyeHW787goQjhmqaZe10uwLujubK9q9Lg6Fiho1KUKDYz0Z7k7g5/g==",
      "engines": {
        "node": ">=4"
      }
    },
    "node_modules/which": {
      "version": "2.0.2",
      "resolved": "https://registry.npmjs.org/which/-/which-2.0.2.tgz",
      "integrity": "sha512-BLI3Tl1TW3Pvl70l3yq3Y64i+awpwXqsGBYWkkqMtnbXgrMD+yj7rhW0kuEDxzJaYXGjEW5ogapKNMEKNMjibA==",
      "dev": true,
      "dependencies": {
        "isexe": "^2.0.0"
      },
      "bin": {
        "node-which": "bin/node-which"
      },
      "engines": {
        "node": ">= 8"
      }
    }
  },
  "dependencies": {
    "assertion-error": {
      "version": "1.1.0",
      "resolved": "https://registry.npmjs.org/assertion-error/-/assertion-error-1.1.0.tgz",
      "integrity": "sha512-jgsaNduz+ndvGyFt3uSuWqvy4lCnIJiovtouQN5JZHOKCS2QuhEdbcQHFhVksz2N2U9hXJo8odG7ETyWlEeuDw=="
    },
    "chai": {
      "version": "4.3.7",
      "resolved": "https://registry.npmjs.org/chai/-/chai-4.3.7.tgz",
      "integrity": "sha512-HLnAzZ2iupm25PlN0xFreAlBA5zaBSv3og0DdeGA4Ar6h6rJ3A0rolRUKJhSF2V10GZKDgWF/VmAEsNWjCRB+A==",
      "requires": {
        "assertion-error": "^1.1.0",
        "check-error": "^1.0.2",
        "deep-eql": "^4.1.2",
        "get-func-name": "^2.0.0",
        "loupe": "^2.3.1",
        "pathval": "^1.1.1",
        "type-detect": "^4.0.5"
      }
    },
    "check-error": {
      "version": "1.0.2",
      "resolved": "https://registry.npmjs.org/check-error/-/check-error-1.0.2.tgz",
      "integrity": "sha512-BrgHpW9NURQgzoNyjfq0Wu6VFO6D7IZEmJNdtgNqpzGG8RuNFHt2jQxWlAs4HMe119chBnv+34syEZtc6IhLtA=="
    },
    "cross-env": {
      "version": "7.0.3",
      "resolved": "https://registry.npmjs.org/cross-env/-/cross-env-7.0.3.tgz",
      "integrity": "sha512-+/HKd6EgcQCJGh2PSjZuUitQBQynKor4wrFbRg4DtAgS1aWO+gU52xpH7M9ScGgXSYmAVS9bIJ8EzuaGw0oNAw==",
      "dev": true,
      "requires": {
        "cross-spawn": "^7.0.1"
      }
    },
    "cross-spawn": {
      "version": "7.0.3",
      "resolved": "https://registry.npmjs.org/cross-spawn/-/cross-spawn-7.0.3.tgz",
      "integrity": "sha512-iRDPJKUPVEND7dHPO8rkbOnPpyDygcDFtWjpeWNCgy8WP2rXcxXL8TskReQl6OrB2G7+UJrags1q15Fudc7G6w==",
      "dev": true,
      "requires": {
        "path-key": "^3.1.0",
        "shebang-command": "^2.0.0",
        "which": "^2.0.1"
      }
    },
    "deep-eql": {
      "version": "4.1.3",
      "resolved": "https://registry.npmjs.org/deep-eql/-/deep-eql-4.1.3.tgz",
      "integrity": "sha512-WaEtAOpRA1MQ0eohqZjpGD8zdI0Ovsm8mmFhaDN8dvDZzyoUMcYDnf5Y6iu7HTXxf8JDS23qWa4a+hKCDyOPzw==",
      "requires": {
        "type-detect": "^4.0.0"
      }
    },
    "get-func-name": {
      "version": "2.0.0",
      "resolved": "https://registry.npmjs.org/get-func-name/-/get-func-name-2.0.0.tgz",
      "integrity": "sha512-Hm0ixYtaSZ/V7C8FJrtZIuBBI+iSgL+1Aq82zSu8VQNB4S3Gk8e7Qs3VwBDJAhmRZcFqkl3tQu36g/Foh5I5ig=="
    },
    "isexe": {
      "version": "2.0.0",
      "resolved": "https://registry.npmjs.org/isexe/-/isexe-2.0.0.tgz",
      "integrity": "sha512-RHxMLp9lnKHGHRng9QFhRCMbYAcVpn69smSGcq3f36xjgVVWThj4qqLbTLlq7Ssj8B+fIQ1EuCEGI2lKsyQeIw==",
      "dev": true
    },
    "loupe": {
      "version": "2.3.6",
      "resolved": "https://registry.npmjs.org/loupe/-/loupe-2.3.6.tgz",
      "integrity": "sha512-RaPMZKiMy8/JruncMU5Bt6na1eftNoo++R4Y+N2FrxkDVTrGvcyzFTsaGif4QTeKESheMGegbhw6iUAq+5A8zA==",
      "requires": {
        "get-func-name": "^2.0.0"
      }
    },
    "path-key": {
      "version": "3.1.1",
      "resolved": "https://registry.npmjs.org/path-key/-/path-key-3.1.1.tgz",
      "integrity": "sha512-ojmeN0qd+y0jszEtoY48r0Peq5dwMEkIlCOu6Q5f41lfkswXuKtYrhgoTpLnyIcHm24Uhqx+5Tqm2InSwLhE6Q==",
      "dev": true
    },
    "pathval": {
      "version": "1.1.1",
      "resolved": "https://registry.npmjs.org/pathval/-/pathval-1.1.1.tgz",
      "integrity": "sha512-Dp6zGqpTdETdR63lehJYPeIOqpiNBNtc7BpWSLrOje7UaIsE5aY92r/AunQA7rsXvet3lrJ3JnZX29UPTKXyKQ=="
    },
    "shebang-command": {
      "version": "2.0.0",
      "resolved": "https://registry.npmjs.org/shebang-command/-/shebang-command-2.0.0.tgz",
      "integrity": "sha512-kHxr2zZpYtdmrN1qDjrrX/Z1rR1kG8Dx+gkpK1G4eXmvXswmcE1hTWBWYUzlraYw1/yZp6YuDY77YtvbN0dmDA==",
      "dev": true,
      "requires": {
        "shebang-regex": "^3.0.0"
      }
    },
    "shebang-regex": {
      "version": "3.0.0",
      "resolved": "https://registry.npmjs.org/shebang-regex/-/shebang-regex-3.0.0.tgz",
      "integrity": "sha512-7++dFhtcx3353uBaq8DDR4NuxBetBzC7ZQOhmTQInHEd6bSrXdiEyzCvG07Z44UYdLShWUyXt5M/yhz8ekcb1A==",
      "dev": true
    },
    "type-detect": {
      "version": "4.0.8",
      "resolved": "https://registry.npmjs.org/type-detect/-/type-detect-4.0.8.tgz",
      "integrity": "sha512-0fr/mIH1dlO+x7TlcMy+bIDqKPsw/70tVyeHW787goQjhmqaZe10uwLujubK9q9Lg6Fiho1KUKDYz0Z7k7g5/g=="
    },
    "which": {
      "version": "2.0.2",
      "resolved": "https://registry.npmjs.org/which/-/which-2.0.2.tgz",
      "integrity": "sha512-BLI3Tl1TW3Pvl70l3yq3Y64i+awpwXqsGBYWkkqMtnbXgrMD+yj7rhW0kuEDxzJaYXGjEW5ogapKNMEKNMjibA==",
      "dev": true,
      "requires": {
        "isexe": "^2.0.0"
      }
    }
  }
}
